{
  "version": "5",
  "specifiers": {
    "jsr:@std/internal@^1.0.12": "1.0.13",
    "jsr:@std/path@*": "1.1.4"
  },
  "jsr": {
    "@std/internal@1.0.13": {
      "integrity": "2f9546691d4ac2d32859c82dff284aaeac980ddeca38430d07941e7e288725c0"
    },
    "@std/path@1.1.4": {
      "integrity": "1d2d43f39efb1b42f0b1882a25486647cb851481862dc7313390b2bb044314b5",
      "dependencies": [
        "jsr:@std/internal"
      ]
    }
  },
  "remote": {
    "https://raw.githubusercontent.com/mommysgoodpuppy/byte_type_C/main/mod.ts": "9473507398048cb24dbb37b3a220777106c69c28d573898648deb2bb84a7e131",
    "https://raw.githubusercontent.com/mommysgoodpuppy/byte_type_C/main/src/array/array.ts": "9a1eef640c1db4a71ca99c43e87c3bf4fd9a66826ed699115f539632c3606f45",
    "https://raw.githubusercontent.com/mommysgoodpuppy/byte_type_C/main/src/array/array_buffer.ts": "3e78940e9d481e23cc271d14ed9fa4c45e4e7e6bdbcc602f26e8a70ff28ba6bb",
    "https://raw.githubusercontent.com/mommysgoodpuppy/byte_type_C/main/src/array/mod.ts": "2e6eaa208bbd7a39be9ca80d51ce1f660c69c60f38db3aa49cd8feadce4ca604",
    "https://raw.githubusercontent.com/mommysgoodpuppy/byte_type_C/main/src/array/sized_array.ts": "9db10cec75db2f325f30837920316b2d06d3c07def08ca07368ec0701c66b425",
    "https://raw.githubusercontent.com/mommysgoodpuppy/byte_type_C/main/src/array/typed_array.ts": "2f16bf26259f3db220881cdb3ec37879d8e947e2c7d0c790660204b2bab036ce",
    "https://raw.githubusercontent.com/mommysgoodpuppy/byte_type_C/main/src/bitflags/_common.ts": "0b6bbfa1a39e9301f157c4f552c55d28128e49429d71e6b1c4a270429346b703",
    "https://raw.githubusercontent.com/mommysgoodpuppy/byte_type_C/main/src/bitflags/bitflags16.ts": "1ebd50d376db22cdfaece2ac48505360d34fbf8b207844eaa07ab5d52d1a0856",
    "https://raw.githubusercontent.com/mommysgoodpuppy/byte_type_C/main/src/bitflags/bitflags32.ts": "8e8c9d7ff79d3b19d9e08a37a21887a9b0778eb21d602bbd54cb73d74262e05a",
    "https://raw.githubusercontent.com/mommysgoodpuppy/byte_type_C/main/src/bitflags/bitflags64.ts": "51c89f3836146b534294b28808a3d7744d9b635707eee702f5057733d83e8f2e",
    "https://raw.githubusercontent.com/mommysgoodpuppy/byte_type_C/main/src/bitflags/bitflags8.ts": "d6e71d70c745d1ffcfba9c440628d989790ce271b61688d9cf12f99a2466be73",
    "https://raw.githubusercontent.com/mommysgoodpuppy/byte_type_C/main/src/bitflags/mod.ts": "1897c05a4349ab257e80125968cab75103b57c90620e9cf5f0e6747c95f1541e",
    "https://raw.githubusercontent.com/mommysgoodpuppy/byte_type_C/main/src/compound/mod.ts": "29578ec04e59c9217e3850b83633094498ef8187433c69a19677c7023ab3ca7e",
    "https://raw.githubusercontent.com/mommysgoodpuppy/byte_type_C/main/src/compound/sized_struct.ts": "a1f792d57f5e6cf223a7fb458ef46e9bc2219d370703d9f46db4f2b85cf82ca4",
    "https://raw.githubusercontent.com/mommysgoodpuppy/byte_type_C/main/src/compound/struct.ts": "1c5b585603581f1c65c17531eab80c9bd9669b8349b1f28ae5d15677070a5cfa",
    "https://raw.githubusercontent.com/mommysgoodpuppy/byte_type_C/main/src/compound/tagged_union.ts": "3a1773034fb188439fb873868c1c19ef2edee6aaea71879f8c7f52fd7269c755",
    "https://raw.githubusercontent.com/mommysgoodpuppy/byte_type_C/main/src/compound/tuple.ts": "8d53248873b84cab24b1f671fb3eb383619c445a704adc06127697ea314a27a3",
    "https://raw.githubusercontent.com/mommysgoodpuppy/byte_type_C/main/src/mod.ts": "855780c4734004714af53c5184782a22f01747094c4f1c53d60947186f3914c1",
    "https://raw.githubusercontent.com/mommysgoodpuppy/byte_type_C/main/src/primitives/bool.ts": "417044e1a0b480eeb42d431927041061a5105da6554b50a6837283a16b676e49",
    "https://raw.githubusercontent.com/mommysgoodpuppy/byte_type_C/main/src/primitives/f32.ts": "3a346fbb614cda8df3a3e912d4c454e8135448cfacd08145dfd8900c75abc8e6",
    "https://raw.githubusercontent.com/mommysgoodpuppy/byte_type_C/main/src/primitives/f64.ts": "5599679822be4e2b053055ba106eb125c758f67f92b6a7ac409df8cf8b6296b0",
    "https://raw.githubusercontent.com/mommysgoodpuppy/byte_type_C/main/src/primitives/i16.ts": "49d0435c42b7437e07d14ecd126f78c81846e65fbfe99bf2a38939a2528f20f2",
    "https://raw.githubusercontent.com/mommysgoodpuppy/byte_type_C/main/src/primitives/i32.ts": "336cd0fcdf1b6253d8cef90ecd32753802f59fbe0a9c7aeedb203c423dc10932",
    "https://raw.githubusercontent.com/mommysgoodpuppy/byte_type_C/main/src/primitives/i64.ts": "531d39e90674c563e699e6b05c519affe54834eca4b3e1a8e4df877ded53131f",
    "https://raw.githubusercontent.com/mommysgoodpuppy/byte_type_C/main/src/primitives/i8.ts": "9103289010f6689b8ea9666f37837f014b57fff4367e706e3201a5c4424df5d6",
    "https://raw.githubusercontent.com/mommysgoodpuppy/byte_type_C/main/src/primitives/mod.ts": "cf6fd271c658b77ed27da3589342ff4c508af041ac97bf05c764bfc3814591ef",
    "https://raw.githubusercontent.com/mommysgoodpuppy/byte_type_C/main/src/primitives/u16.ts": "0c3f0c7061e63f79770939019b213ea164f736a7f00362826fd6d4208c6cc3fc",
    "https://raw.githubusercontent.com/mommysgoodpuppy/byte_type_C/main/src/primitives/u32.ts": "3e34d5c1b758e4fb427d70f16fc605aa4f9e9ca1d077240745710f3cd79637a5",
    "https://raw.githubusercontent.com/mommysgoodpuppy/byte_type_C/main/src/primitives/u64.ts": "507109a8c80880f1a1446bb723d6fc81bd44a23d5ca7d298db5a94c1b492767b",
    "https://raw.githubusercontent.com/mommysgoodpuppy/byte_type_C/main/src/primitives/u8.ts": "f3f4d9901d0b61f12395a6c96edadef3d7d033544b4f5f0b704e9d17832577af",
    "https://raw.githubusercontent.com/mommysgoodpuppy/byte_type_C/main/src/string/_common.ts": "35c46f52cde3136b7a0888128f61dc0760b387baf2174dac681aa5666b4b5cb0",
    "https://raw.githubusercontent.com/mommysgoodpuppy/byte_type_C/main/src/string/cstring.ts": "50e287dc291260617df940f4a109835423e41b0184264bf81d66795d802ed62f",
    "https://raw.githubusercontent.com/mommysgoodpuppy/byte_type_C/main/src/string/fixed_length.ts": "f415096a44f0b580c329429a471b28bb5ad800c69847781a88879deb2f18dc57",
    "https://raw.githubusercontent.com/mommysgoodpuppy/byte_type_C/main/src/string/mod.ts": "3d13829eefc7e781f2be70d62fbc1ac5e14ba30fec62bb713094ebec479e2aef",
    "https://raw.githubusercontent.com/mommysgoodpuppy/byte_type_C/main/src/types/common.ts": "6196523503fde8abca0b414bbe0e0b888ad4e2076e89e2c8a636e932a3214697",
    "https://raw.githubusercontent.com/mommysgoodpuppy/byte_type_C/main/src/types/mod.ts": "de654b64e556bc95287f47bf2e5359fa6b75ba9a7ecadbfdbe6adc5b8f4e9311",
    "https://raw.githubusercontent.com/mommysgoodpuppy/byte_type_C/main/src/types/sized.ts": "9ac1c68dd684d93002d8f129d7f3e1b4202432ce7ba90469f14fc2f61a7ad557",
    "https://raw.githubusercontent.com/mommysgoodpuppy/byte_type_C/main/src/types/unsized.ts": "6d7f6b05a6ee095127b694466f416806d2d08f13bbec53c48d2568bfa8e435ae",
    "https://raw.githubusercontent.com/mommysgoodpuppy/byte_type_C/main/src/util.ts": "225fbd478d6abdf0e364b847e66e6ff9311b7e49163714f8efd9e08ddec9e55d",
    "https://raw.githubusercontent.com/mommysgoodpuppy/byte_type_C/main/src/varint/_common.ts": "c7430bfb243b2311e852c45664194e3c2fd7c6cd61ff03292410fca89101ec2d",
    "https://raw.githubusercontent.com/mommysgoodpuppy/byte_type_C/main/src/varint/i32_leb128.ts": "e37e9e24c48ee7b43264c486ded758ffabb9a4e261f7c8d6d275a48b78ea2f29",
    "https://raw.githubusercontent.com/mommysgoodpuppy/byte_type_C/main/src/varint/i64_leb128.ts": "febba94e3fd9ac71bd65219be9f651f2f7706e11a621153f282ce6e33c69d8fe",
    "https://raw.githubusercontent.com/mommysgoodpuppy/byte_type_C/main/src/varint/mod.ts": "f52855601abd19c9af3cdc4e19afde4b57a0d567b99a807063b6a3761b783bba"
  }
}
